
Microsoft Visual Studio Solution File, Format Version 11.00
# Visual Studio 2010
Project("{FAE04EC0-301F-11D3-BF4B-00C04F79EFBC}") = "UniTask", "UniTask.csproj", "{039e621a-c79f-6467-62e3-2f17b0909bdc}"
EndProject
Project("{FAE04EC0-301F-11D3-BF4B-00C04F79EFBC}") = "UniTask.Linq", "UniTask.Linq.csproj", "{8ef51ef6-eed7-7efc-022b-e3447f8a8f67}"
EndProject
Project("{FAE04EC0-301F-11D3-BF4B-00C04F79EFBC}") = "Assembly-CSharp", "Assembly-CSharp.csproj", "{1f582e91-18eb-85a4-c236-692269b755eb}"
EndProject
Project("{FAE04EC0-301F-11D3-BF4B-00C04F79EFBC}") = "UniTask.DOTween", "UniTask.DOTween.csproj", "{f0c615be-b1f4-89ff-0f09-554c27eecb29}"
EndProject
Project("{FAE04EC0-301F-11D3-BF4B-00C04F79EFBC}") = "UniTask.TextMeshPro", "UniTask.TextMeshPro.csproj", "{ab805f94-c0eb-1885-e2e5-a4c9736effbd}"
EndProject
Project("{FAE04EC0-301F-11D3-BF4B-00C04F79EFBC}") = "UniTask.Addressables", "UniTask.Addressables.csproj", "{71339e26-0fe9-9a6d-7bef-a0920c821e30}"
EndProject
Project("{FAE04EC0-301F-11D3-BF4B-00C04F79EFBC}") = "UniTask.Editor", "UniTask.Editor.csproj", "{f6744924-04cf-0b2b-9987-b5a2ffe8380c}"
EndProject
Project("{FAE04EC0-301F-11D3-BF4B-00C04F79EFBC}") = "Assembly-CSharp-Editor", "Assembly-CSharp-Editor.csproj", "{f2cfd9d2-ed5f-f0bf-ff89-494eb1461f08}"
EndProject
Global
	GlobalSection(SolutionConfigurationPlatforms) = preSolution
		Debug|Any CPU = Debug|Any CPU
		Release|Any CPU = Release|Any CPU
	EndGlobalSection
	GlobalSection(ProjectConfigurationPlatforms) = postSolution
		{039e621a-c79f-6467-62e3-2f17b0909bdc}.Debug|Any CPU.ActiveCfg = Debug|Any CPU
		{039e621a-c79f-6467-62e3-2f17b0909bdc}.Debug|Any CPU.Build.0 = Debug|Any CPU
		{039e621a-c79f-6467-62e3-2f17b0909bdc}.Release|Any CPU.ActiveCfg = Release|Any CPU
		{039e621a-c79f-6467-62e3-2f17b0909bdc}.Release|Any CPU.Build.0 = Release|Any CPU
		{8ef51ef6-eed7-7efc-022b-e3447f8a8f67}.Debug|Any CPU.ActiveCfg = Debug|Any CPU
		{8ef51ef6-eed7-7efc-022b-e3447f8a8f67}.Debug|Any CPU.Build.0 = Debug|Any CPU
		{8ef51ef6-eed7-7efc-022b-e3447f8a8f67}.Release|Any CPU.ActiveCfg = Release|Any CPU
		{8ef51ef6-eed7-7efc-022b-e3447f8a8f67}.Release|Any CPU.Build.0 = Release|Any CPU
		{1f582e91-18eb-85a4-c236-692269b755eb}.Debug|Any CPU.ActiveCfg = Debug|Any CPU
		{1f582e91-18eb-85a4-c236-692269b755eb}.Debug|Any CPU.Build.0 = Debug|Any CPU
		{1f582e91-18eb-85a4-c236-692269b755eb}.Release|Any CPU.ActiveCfg = Release|Any CPU
		{1f582e91-18eb-85a4-c236-692269b755eb}.Release|Any CPU.Build.0 = Release|Any CPU
		{f0c615be-b1f4-89ff-0f09-554c27eecb29}.Debug|Any CPU.ActiveCfg = Debug|Any CPU
		{f0c615be-b1f4-89ff-0f09-554c27eecb29}.Debug|Any CPU.Build.0 = Debug|Any CPU
		{f0c615be-b1f4-89ff-0f09-554c27eecb29}.Release|Any CPU.ActiveCfg = Release|Any CPU
		{f0c615be-b1f4-89ff-0f09-554c27eecb29}.Release|Any CPU.Build.0 = Release|Any CPU
		{ab805f94-c0eb-1885-e2e5-a4c9736effbd}.Debug|Any CPU.ActiveCfg = Debug|Any CPU
		{ab805f94-c0eb-1885-e2e5-a4c9736effbd}.Debug|Any CPU.Build.0 = Debug|Any CPU
		{ab805f94-c0eb-1885-e2e5-a4c9736effbd}.Release|Any CPU.ActiveCfg = Release|Any CPU
		{ab805f94-c0eb-1885-e2e5-a4c9736effbd}.Release|Any CPU.Build.0 = Release|Any CPU
		{71339e26-0fe9-9a6d-7bef-a0920c821e30}.Debug|Any CPU.ActiveCfg = Debug|Any CPU
		{71339e26-0fe9-9a6d-7bef-a0920c821e30}.Debug|Any CPU.Build.0 = Debug|Any CPU
		{71339e26-0fe9-9a6d-7bef-a0920c821e30}.Release|Any CPU.ActiveCfg = Release|Any CPU
		{71339e26-0fe9-9a6d-7bef-a0920c821e30}.Release|Any CPU.Build.0 = Release|Any CPU
		{f6744924-04cf-0b2b-9987-b5a2ffe8380c}.Debug|Any CPU.ActiveCfg = Debug|Any CPU
		{f6744924-04cf-0b2b-9987-b5a2ffe8380c}.Debug|Any CPU.Build.0 = Debug|Any CPU
		{f6744924-04cf-0b2b-9987-b5a2ffe8380c}.Release|Any CPU.ActiveCfg = Release|Any CPU
		{f6744924-04cf-0b2b-9987-b5a2ffe8380c}.Release|Any CPU.Build.0 = Release|Any CPU
		{f2cfd9d2-ed5f-f0bf-ff89-494eb1461f08}.Debug|Any CPU.ActiveCfg = Debug|Any CPU
		{f2cfd9d2-ed5f-f0bf-ff89-494eb1461f08}.Debug|Any CPU.Build.0 = Debug|Any CPU
		{f2cfd9d2-ed5f-f0bf-ff89-494eb1461f08}.Release|Any CPU.ActiveCfg = Release|Any CPU
		{f2cfd9d2-ed5f-f0bf-ff89-494eb1461f08}.Release|Any CPU.Build.0 = Release|Any CPU
	EndGlobalSection
	GlobalSection(SolutionProperties) = preSolution
		HideSolutionNode = FALSE
	EndGlobalSection
EndGlobal
